
Microsoft Visual Studio Solution File, Format Version 12.00
# Visual Studio Version 16
VisualStudioVersion = 16.0.31624.102
MinimumVisualStudioVersion = 10.0.40219.1
Project("{FAE04EC0-301F-11D3-BF4B-00C04F79EFBC}") = "Graph", "Graph\Graph.csproj", "{B4B08C18-3BC7-432F-B6CE-9EDE3ACE42B9}"
EndProject
Global
	GlobalSection(SolutionConfigurationPlatforms) = preSolution
		Debug|Any CPU = Debug|Any CPU
		Release|Any CPU = Release|Any CPU
	EndGlobalSection
	GlobalSection(ProjectConfigurationPlatforms) = postSolution
		{B4B08C18-3BC7-432F-B6CE-9EDE3ACE42B9}.Debug|Any CPU.ActiveCfg = Debug|Any CPU
		{B4B08C18-3BC7-432F-B6CE-9EDE3ACE42B9}.Debug|Any CPU.Build.0 = Debug|Any CPU
		{B4B08C18-3BC7-432F-B6CE-9EDE3ACE42B9}.Release|Any CPU.ActiveCfg = Release|Any CPU
		{B4B08C18-3BC7-432F-B6CE-9EDE3ACE42B9}.Release|Any CPU.Build.0 = Release|Any CPU
	EndGlobalSection
	GlobalSection(SolutionProperties) = preSolution
		HideSolutionNode = FALSE
	EndGlobalSection
	GlobalSection(ExtensibilityGlobals) = postSolution
		SolutionGuid = {89A4CC5D-8CEA-4F5C-BEB6-C4FB21824A6B}
	EndGlobalSection
EndGlobal
